
Microsoft Visual Studio Solution File, Format Version 12.00
# Visual Studio 15
VisualStudioVersion = 15.0.27428.2015
MinimumVisualStudioVersion = 10.0.40219.1
Project("{FAE04EC0-301F-11D3-BF4B-00C04F79EFBC}") = "KidsMath", "KidsMath\KidsMath.csproj", "{32A97E2B-22ED-43C8-BAEE-E6CA05820879}"
EndProject
Global
	GlobalSection(SolutionConfigurationPlatforms) = preSolution
		Debug|Any CPU = Debug|Any CPU
		Release|Any CPU = Release|Any CPU
	EndGlobalSection
	GlobalSection(ProjectConfigurationPlatforms) = postSolution
		{32A97E2B-22ED-43C8-BAEE-E6CA05820879}.Debug|Any CPU.ActiveCfg = Debug|Any CPU
		{32A97E2B-22ED-43C8-BAEE-E6CA05820879}.Debug|Any CPU.Build.0 = Debug|Any CPU
		{32A97E2B-22ED-43C8-BAEE-E6CA05820879}.Release|Any CPU.ActiveCfg = Release|Any CPU
		{32A97E2B-22ED-43C8-BAEE-E6CA05820879}.Release|Any CPU.Build.0 = Release|Any CPU
	EndGlobalSection
	GlobalSection(SolutionProperties) = preSolution
		HideSolutionNode = FALSE
	EndGlobalSection
	GlobalSection(ExtensibilityGlobals) = postSolution
		SolutionGuid = {3A396BAD-44F3-423E-894F-A60A54D5EE1C}
	EndGlobalSection
EndGlobal
